
Microsoft Visual Studio Solution File, Format Version 12.00
# Visual Studio 15
VisualStudioVersion = 15.0.26124.0
MinimumVisualStudioVersion = 15.0.26124.0
Project("{2150E333-8FDC-42A3-9474-1A3956D46DE8}") = "src", "src", "{0EF20E50-D076-480D-BC88-951E5AC8643E}"
EndProject
Project("{F2A71F9B-5D33-465A-A702-920D77279786}") = "Ionide.ProjInfo", "src\Ionide.ProjInfo\Ionide.ProjInfo.fsproj", "{B86D70F6-12F9-42E7-8A04-2C21FC91DF9C}"
EndProject
Project("{FAE04EC0-301F-11D3-BF4B-00C04F79EFBC}") = "Ionide.ProjInfo.Sln", "src\Ionide.ProjInfo.Sln\Ionide.ProjInfo.Sln.csproj", "{7C01A809-1EA9-43A4-BEDC-5488084A22B1}"
EndProject
Project("{2150E333-8FDC-42A3-9474-1A3956D46DE8}") = "test", "test", "{E53FFF53-7874-40D6-8070-EB4E6F5067B9}"
EndProject
Project("{F2A71F9B-5D33-465A-A702-920D77279786}") = "Ionide.ProjInfo.Tests", "test\Ionide.ProjInfo.Tests\Ionide.ProjInfo.Tests.fsproj", "{84BB0C5F-EE12-41C4-ADC9-05FBF54CB7CC}"
EndProject
Project("{F2A71F9B-5D33-465A-A702-920D77279786}") = "Ionide.ProjInfo.FCS", "src\Ionide.ProjInfo.FCS\Ionide.ProjInfo.FCS.fsproj", "{AFEB904E-2ACD-4144-BD4B-BEC5772CCFA7}"
EndProject
Project("{F2A71F9B-5D33-465A-A702-920D77279786}") = "Ionide.ProjInfo.ProjectSystem", "src\Ionide.ProjInfo.ProjectSystem\Ionide.ProjInfo.ProjectSystem.fsproj", "{5156E51B-B489-4E0A-865B-79BADB009BD1}"
EndProject
Project("{F2A71F9B-5D33-465A-A702-920D77279786}") = "Ionide.ProjInfo.Tool", "src\Ionide.ProjInfo.Tool\Ionide.ProjInfo.Tool.fsproj", "{70299F84-2326-4814-9D13-44766E7EEAFC}"
EndProject
Global
	GlobalSection(SolutionConfigurationPlatforms) = preSolution
		Debug|Any CPU = Debug|Any CPU
		Debug|x64 = Debug|x64
		Debug|x86 = Debug|x86
		Release|Any CPU = Release|Any CPU
		Release|x64 = Release|x64
		Release|x86 = Release|x86
	EndGlobalSection
	GlobalSection(SolutionProperties) = preSolution
		HideSolutionNode = FALSE
	EndGlobalSection
	GlobalSection(ProjectConfigurationPlatforms) = postSolution
		{B86D70F6-12F9-42E7-8A04-2C21FC91DF9C}.Debug|Any CPU.ActiveCfg = Debug|Any CPU
		{B86D70F6-12F9-42E7-8A04-2C21FC91DF9C}.Debug|Any CPU.Build.0 = Debug|Any CPU
		{B86D70F6-12F9-42E7-8A04-2C21FC91DF9C}.Debug|x64.ActiveCfg = Debug|Any CPU
		{B86D70F6-12F9-42E7-8A04-2C21FC91DF9C}.Debug|x64.Build.0 = Debug|Any CPU
		{B86D70F6-12F9-42E7-8A04-2C21FC91DF9C}.Debug|x86.ActiveCfg = Debug|Any CPU
		{B86D70F6-12F9-42E7-8A04-2C21FC91DF9C}.Debug|x86.Build.0 = Debug|Any CPU
		{B86D70F6-12F9-42E7-8A04-2C21FC91DF9C}.Release|Any CPU.ActiveCfg = Release|Any CPU
		{B86D70F6-12F9-42E7-8A04-2C21FC91DF9C}.Release|Any CPU.Build.0 = Release|Any CPU
		{B86D70F6-12F9-42E7-8A04-2C21FC91DF9C}.Release|x64.ActiveCfg = Release|Any CPU
		{B86D70F6-12F9-42E7-8A04-2C21FC91DF9C}.Release|x64.Build.0 = Release|Any CPU
		{B86D70F6-12F9-42E7-8A04-2C21FC91DF9C}.Release|x86.ActiveCfg = Release|Any CPU
		{B86D70F6-12F9-42E7-8A04-2C21FC91DF9C}.Release|x86.Build.0 = Release|Any CPU
		{7C01A809-1EA9-43A4-BEDC-5488084A22B1}.Debug|Any CPU.ActiveCfg = Debug|Any CPU
		{7C01A809-1EA9-43A4-BEDC-5488084A22B1}.Debug|Any CPU.Build.0 = Debug|Any CPU
		{7C01A809-1EA9-43A4-BEDC-5488084A22B1}.Debug|x64.ActiveCfg = Debug|Any CPU
		{7C01A809-1EA9-43A4-BEDC-5488084A22B1}.Debug|x64.Build.0 = Debug|Any CPU
		{7C01A809-1EA9-43A4-BEDC-5488084A22B1}.Debug|x86.ActiveCfg = Debug|Any CPU
		{7C01A809-1EA9-43A4-BEDC-5488084A22B1}.Debug|x86.Build.0 = Debug|Any CPU
		{7C01A809-1EA9-43A4-BEDC-5488084A22B1}.Release|Any CPU.ActiveCfg = Release|Any CPU
		{7C01A809-1EA9-43A4-BEDC-5488084A22B1}.Release|Any CPU.Build.0 = Release|Any CPU
		{7C01A809-1EA9-43A4-BEDC-5488084A22B1}.Release|x64.ActiveCfg = Release|Any CPU
		{7C01A809-1EA9-43A4-BEDC-5488084A22B1}.Release|x64.Build.0 = Release|Any CPU
		{7C01A809-1EA9-43A4-BEDC-5488084A22B1}.Release|x86.ActiveCfg = Release|Any CPU
		{7C01A809-1EA9-43A4-BEDC-5488084A22B1}.Release|x86.Build.0 = Release|Any CPU
		{84BB0C5F-EE12-41C4-ADC9-05FBF54CB7CC}.Debug|Any CPU.ActiveCfg = Debug|Any CPU
		{84BB0C5F-EE12-41C4-ADC9-05FBF54CB7CC}.Debug|Any CPU.Build.0 = Debug|Any CPU
		{84BB0C5F-EE12-41C4-ADC9-05FBF54CB7CC}.Debug|x64.ActiveCfg = Debug|Any CPU
		{84BB0C5F-EE12-41C4-ADC9-05FBF54CB7CC}.Debug|x64.Build.0 = Debug|Any CPU
		{84BB0C5F-EE12-41C4-ADC9-05FBF54CB7CC}.Debug|x86.ActiveCfg = Debug|Any CPU
		{84BB0C5F-EE12-41C4-ADC9-05FBF54CB7CC}.Debug|x86.Build.0 = Debug|Any CPU
		{84BB0C5F-EE12-41C4-ADC9-05FBF54CB7CC}.Release|Any CPU.ActiveCfg = Release|Any CPU
		{84BB0C5F-EE12-41C4-ADC9-05FBF54CB7CC}.Release|Any CPU.Build.0 = Release|Any CPU
		{84BB0C5F-EE12-41C4-ADC9-05FBF54CB7CC}.Release|x64.ActiveCfg = Release|Any CPU
		{84BB0C5F-EE12-41C4-ADC9-05FBF54CB7CC}.Release|x64.Build.0 = Release|Any CPU
		{84BB0C5F-EE12-41C4-ADC9-05FBF54CB7CC}.Release|x86.ActiveCfg = Release|Any CPU
		{84BB0C5F-EE12-41C4-ADC9-05FBF54CB7CC}.Release|x86.Build.0 = Release|Any CPU
		{AFEB904E-2ACD-4144-BD4B-BEC5772CCFA7}.Debug|Any CPU.ActiveCfg = Debug|Any CPU
		{AFEB904E-2ACD-4144-BD4B-BEC5772CCFA7}.Debug|Any CPU.Build.0 = Debug|Any CPU
		{AFEB904E-2ACD-4144-BD4B-BEC5772CCFA7}.Debug|x64.ActiveCfg = Debug|Any CPU
		{AFEB904E-2ACD-4144-BD4B-BEC5772CCFA7}.Debug|x64.Build.0 = Debug|Any CPU
		{AFEB904E-2ACD-4144-BD4B-BEC5772CCFA7}.Debug|x86.ActiveCfg = Debug|Any CPU
		{AFEB904E-2ACD-4144-BD4B-BEC5772CCFA7}.Debug|x86.Build.0 = Debug|Any CPU
		{AFEB904E-2ACD-4144-BD4B-BEC5772CCFA7}.Release|Any CPU.ActiveCfg = Release|Any CPU
		{AFEB904E-2ACD-4144-BD4B-BEC5772CCFA7}.Release|Any CPU.Build.0 = Release|Any CPU
		{AFEB904E-2ACD-4144-BD4B-BEC5772CCFA7}.Release|x64.ActiveCfg = Release|Any CPU
		{AFEB904E-2ACD-4144-BD4B-BEC5772CCFA7}.Release|x64.Build.0 = Release|Any CPU
		{AFEB904E-2ACD-4144-BD4B-BEC5772CCFA7}.Release|x86.ActiveCfg = Release|Any CPU
		{AFEB904E-2ACD-4144-BD4B-BEC5772CCFA7}.Release|x86.Build.0 = Release|Any CPU
		{5156E51B-B489-4E0A-865B-79BADB009BD1}.Debug|Any CPU.ActiveCfg = Debug|Any CPU
		{5156E51B-B489-4E0A-865B-79BADB009BD1}.Debug|Any CPU.Build.0 = Debug|Any CPU
		{5156E51B-B489-4E0A-865B-79BADB009BD1}.Debug|x64.ActiveCfg = Debug|Any CPU
		{5156E51B-B489-4E0A-865B-79BADB009BD1}.Debug|x64.Build.0 = Debug|Any CPU
		{5156E51B-B489-4E0A-865B-79BADB009BD1}.Debug|x86.ActiveCfg = Debug|Any CPU
		{5156E51B-B489-4E0A-865B-79BADB009BD1}.Debug|x86.Build.0 = Debug|Any CPU
		{5156E51B-B489-4E0A-865B-79BADB009BD1}.Release|Any CPU.ActiveCfg = Release|Any CPU
		{5156E51B-B489-4E0A-865B-79BADB009BD1}.Release|Any CPU.Build.0 = Release|Any CPU
		{5156E51B-B489-4E0A-865B-79BADB009BD1}.Release|x64.ActiveCfg = Release|Any CPU
		{5156E51B-B489-4E0A-865B-79BADB009BD1}.Release|x64.Build.0 = Release|Any CPU
		{5156E51B-B489-4E0A-865B-79BADB009BD1}.Release|x86.ActiveCfg = Release|Any CPU
		{5156E51B-B489-4E0A-865B-79BADB009BD1}.Release|x86.Build.0 = Release|Any CPU
		{70299F84-2326-4814-9D13-44766E7EEAFC}.Debug|Any CPU.ActiveCfg = Debug|Any CPU
		{70299F84-2326-4814-9D13-44766E7EEAFC}.Debug|Any CPU.Build.0 = Debug|Any CPU
		{70299F84-2326-4814-9D13-44766E7EEAFC}.Debug|x64.ActiveCfg = Debug|Any CPU
		{70299F84-2326-4814-9D13-44766E7EEAFC}.Debug|x64.Build.0 = Debug|Any CPU
		{70299F84-2326-4814-9D13-44766E7EEAFC}.Debug|x86.ActiveCfg = Debug|Any CPU
		{70299F84-2326-4814-9D13-44766E7EEAFC}.Debug|x86.Build.0 = Debug|Any CPU
		{70299F84-2326-4814-9D13-44766E7EEAFC}.Release|Any CPU.ActiveCfg = Release|Any CPU
		{70299F84-2326-4814-9D13-44766E7EEAFC}.Release|Any CPU.Build.0 = Release|Any CPU
		{70299F84-2326-4814-9D13-44766E7EEAFC}.Release|x64.ActiveCfg = Release|Any CPU
		{70299F84-2326-4814-9D13-44766E7EEAFC}.Release|x64.Build.0 = Release|Any CPU
		{70299F84-2326-4814-9D13-44766E7EEAFC}.Release|x86.ActiveCfg = Release|Any CPU
		{70299F84-2326-4814-9D13-44766E7EEAFC}.Release|x86.Build.0 = Release|Any CPU
	EndGlobalSection
	GlobalSection(NestedProjects) = preSolution
		{B86D70F6-12F9-42E7-8A04-2C21FC91DF9C} = {0EF20E50-D076-480D-BC88-951E5AC8643E}
		{7C01A809-1EA9-43A4-BEDC-5488084A22B1} = {0EF20E50-D076-480D-BC88-951E5AC8643E}
		{84BB0C5F-EE12-41C4-ADC9-05FBF54CB7CC} = {E53FFF53-7874-40D6-8070-EB4E6F5067B9}
		{AFEB904E-2ACD-4144-BD4B-BEC5772CCFA7} = {0EF20E50-D076-480D-BC88-951E5AC8643E}
		{5156E51B-B489-4E0A-865B-79BADB009BD1} = {0EF20E50-D076-480D-BC88-951E5AC8643E}
		{70299F84-2326-4814-9D13-44766E7EEAFC} = {0EF20E50-D076-480D-BC88-951E5AC8643E}
	EndGlobalSection
EndGlobal
