
GITHUB
  remote: Microsoft/visualfsharp
    src/fsharp/FSharp.Build/Fsc.fs (cc1b137bc17f401a0cc669ff8fc598714d0fe652)
    src/fsharp/FSharp.Build/Microsoft.FSharp.Targets (cc1b137bc17f401a0cc669ff8fc598714d0fe652)
  remote: mono/mono
    mcs/class/Microsoft.Build.Framework/Microsoft.Build.Framework/ITaskItem.cs (14f2c814ccc4b98f11dae3074ba6a081956e9079)
    mcs/class/Microsoft.Build.Framework/Microsoft.Build.Framework/ITaskItem2.cs (14f2c814ccc4b98f11dae3074ba6a081956e9079)
    mcs/class/Microsoft.Build.Utilities/Microsoft.Build.Utilities/CommandLineBuilder.cs (14f2c814ccc4b98f11dae3074ba6a081956e9079)
    mcs/class/Microsoft.Build.Utilities/Microsoft.Build.Utilities/TaskItem.cs (14f2c814ccc4b98f11dae3074ba6a081956e9079)
    mcs/class/Microsoft.Build.Utilities/Mono.XBuild.Utilities/MSBuildUtils.cs (14f2c814ccc4b98f11dae3074ba6a081956e9079)
    mcs/class/Microsoft.Build.Utilities/Mono.XBuild.Utilities/ReservedNameUtils.cs (14f2c814ccc4b98f11dae3074ba6a081956e9079)