
Microsoft Visual Studio Solution File, Format Version 12.00
# Visual Studio 15
VisualStudioVersion = 15.0.26124.0
MinimumVisualStudioVersion = 15.0.26124.0
Project("{F2A71F9B-5D33-465A-A702-920D77279786}") = "c1", "c1\c1.fsproj", "{82BB90B9-297A-4292-B6AD-22FAB3A34DF6}"
EndProject
Project("{F2A71F9B-5D33-465A-A702-920D77279786}") = "l1", "l1\l1.fsproj", "{C09990C2-3CD6-4291-A05B-BBA4D72B70F2}"
EndProject
Project("{F2A71F9B-5D33-465A-A702-920D77279786}") = "l2", "l2\l2.fsproj", "{6B38AEFC-7EBF-42FE-989A-C8D2AC75B572}"
EndProject
Global
	GlobalSection(SolutionConfigurationPlatforms) = preSolution
		Debug|Any CPU = Debug|Any CPU
		Debug|x64 = Debug|x64
		Debug|x86 = Debug|x86
		Release|Any CPU = Release|Any CPU
		Release|x64 = Release|x64
		Release|x86 = Release|x86
	EndGlobalSection
	GlobalSection(SolutionProperties) = preSolution
		HideSolutionNode = FALSE
	EndGlobalSection
	GlobalSection(ProjectConfigurationPlatforms) = postSolution
		{82BB90B9-297A-4292-B6AD-22FAB3A34DF6}.Debug|Any CPU.ActiveCfg = Debug|Any CPU
		{82BB90B9-297A-4292-B6AD-22FAB3A34DF6}.Debug|Any CPU.Build.0 = Debug|Any CPU
		{82BB90B9-297A-4292-B6AD-22FAB3A34DF6}.Debug|x64.ActiveCfg = Debug|Any CPU
		{82BB90B9-297A-4292-B6AD-22FAB3A34DF6}.Debug|x64.Build.0 = Debug|Any CPU
		{82BB90B9-297A-4292-B6AD-22FAB3A34DF6}.Debug|x86.ActiveCfg = Debug|Any CPU
		{82BB90B9-297A-4292-B6AD-22FAB3A34DF6}.Debug|x86.Build.0 = Debug|Any CPU
		{82BB90B9-297A-4292-B6AD-22FAB3A34DF6}.Release|Any CPU.ActiveCfg = Release|Any CPU
		{82BB90B9-297A-4292-B6AD-22FAB3A34DF6}.Release|Any CPU.Build.0 = Release|Any CPU
		{82BB90B9-297A-4292-B6AD-22FAB3A34DF6}.Release|x64.ActiveCfg = Release|Any CPU
		{82BB90B9-297A-4292-B6AD-22FAB3A34DF6}.Release|x64.Build.0 = Release|Any CPU
		{82BB90B9-297A-4292-B6AD-22FAB3A34DF6}.Release|x86.ActiveCfg = Release|Any CPU
		{82BB90B9-297A-4292-B6AD-22FAB3A34DF6}.Release|x86.Build.0 = Release|Any CPU
		{C09990C2-3CD6-4291-A05B-BBA4D72B70F2}.Debug|Any CPU.ActiveCfg = Debug|Any CPU
		{C09990C2-3CD6-4291-A05B-BBA4D72B70F2}.Debug|Any CPU.Build.0 = Debug|Any CPU
		{C09990C2-3CD6-4291-A05B-BBA4D72B70F2}.Debug|x64.ActiveCfg = Debug|Any CPU
		{C09990C2-3CD6-4291-A05B-BBA4D72B70F2}.Debug|x64.Build.0 = Debug|Any CPU
		{C09990C2-3CD6-4291-A05B-BBA4D72B70F2}.Debug|x86.ActiveCfg = Debug|Any CPU
		{C09990C2-3CD6-4291-A05B-BBA4D72B70F2}.Debug|x86.Build.0 = Debug|Any CPU
		{C09990C2-3CD6-4291-A05B-BBA4D72B70F2}.Release|Any CPU.ActiveCfg = Release|Any CPU
		{C09990C2-3CD6-4291-A05B-BBA4D72B70F2}.Release|Any CPU.Build.0 = Release|Any CPU
		{C09990C2-3CD6-4291-A05B-BBA4D72B70F2}.Release|x64.ActiveCfg = Release|Any CPU
		{C09990C2-3CD6-4291-A05B-BBA4D72B70F2}.Release|x64.Build.0 = Release|Any CPU
		{C09990C2-3CD6-4291-A05B-BBA4D72B70F2}.Release|x86.ActiveCfg = Release|Any CPU
		{C09990C2-3CD6-4291-A05B-BBA4D72B70F2}.Release|x86.Build.0 = Release|Any CPU
		{6B38AEFC-7EBF-42FE-989A-C8D2AC75B572}.Debug|Any CPU.ActiveCfg = Debug|Any CPU
		{6B38AEFC-7EBF-42FE-989A-C8D2AC75B572}.Debug|Any CPU.Build.0 = Debug|Any CPU
		{6B38AEFC-7EBF-42FE-989A-C8D2AC75B572}.Debug|x64.ActiveCfg = Debug|Any CPU
		{6B38AEFC-7EBF-42FE-989A-C8D2AC75B572}.Debug|x64.Build.0 = Debug|Any CPU
		{6B38AEFC-7EBF-42FE-989A-C8D2AC75B572}.Debug|x86.ActiveCfg = Debug|Any CPU
		{6B38AEFC-7EBF-42FE-989A-C8D2AC75B572}.Debug|x86.Build.0 = Debug|Any CPU
		{6B38AEFC-7EBF-42FE-989A-C8D2AC75B572}.Release|Any CPU.ActiveCfg = Release|Any CPU
		{6B38AEFC-7EBF-42FE-989A-C8D2AC75B572}.Release|Any CPU.Build.0 = Release|Any CPU
		{6B38AEFC-7EBF-42FE-989A-C8D2AC75B572}.Release|x64.ActiveCfg = Release|Any CPU
		{6B38AEFC-7EBF-42FE-989A-C8D2AC75B572}.Release|x64.Build.0 = Release|Any CPU
		{6B38AEFC-7EBF-42FE-989A-C8D2AC75B572}.Release|x86.ActiveCfg = Release|Any CPU
		{6B38AEFC-7EBF-42FE-989A-C8D2AC75B572}.Release|x86.Build.0 = Release|Any CPU
	EndGlobalSection
EndGlobal
